
Microsoft Visual Studio Solution File, Format Version 12.00
# Visual Studio 2012
Project("{FAE04EC0-301F-11D3-BF4B-00C04F79EFBC}") = "LinkedList", "SortedLinkedList\LinkedList.csproj", "{B0A5CE28-35E2-40A9-A7D4-5A14E4438869}"
EndProject
Project("{FAE04EC0-301F-11D3-BF4B-00C04F79EFBC}") = "CiclicList", "CiclicList\CiclicList.csproj", "{8DE4418F-7F38-4656-9F11-43631788771E}"
EndProject
Project("{FAE04EC0-301F-11D3-BF4B-00C04F79EFBC}") = "SortedList", "SortedList\SortedList.csproj", "{584A225C-9EF5-4339-9B6D-E09D12163E38}"
EndProject
Project("{9344BDBB-3E7F-41FC-A0DD-8665D75EE146}") = "ListaNiz1", "ListaNiz\ListaNiz1.csproj", "{EF5B0BCC-468D-46C1-A2BC-D350502B3AA3}"
EndProject
Project("{FAE04EC0-301F-11D3-BF4B-00C04F79EFBC}") = "DoubleLinkedList", "DoubleLinkedList\DoubleLinkedList.csproj", "{8D970335-FF80-4617-AD66-E247FEB83B5C}"
EndProject
Global
	GlobalSection(SolutionConfigurationPlatforms) = preSolution
		Debug|x86 = Debug|x86
		Release|x86 = Release|x86
	EndGlobalSection
	GlobalSection(ProjectConfigurationPlatforms) = postSolution
		{B0A5CE28-35E2-40A9-A7D4-5A14E4438869}.Debug|x86.ActiveCfg = Debug|x86
		{B0A5CE28-35E2-40A9-A7D4-5A14E4438869}.Debug|x86.Build.0 = Debug|x86
		{B0A5CE28-35E2-40A9-A7D4-5A14E4438869}.Release|x86.ActiveCfg = Release|x86
		{B0A5CE28-35E2-40A9-A7D4-5A14E4438869}.Release|x86.Build.0 = Release|x86
		{8DE4418F-7F38-4656-9F11-43631788771E}.Debug|x86.ActiveCfg = Debug|x86
		{8DE4418F-7F38-4656-9F11-43631788771E}.Debug|x86.Build.0 = Debug|x86
		{8DE4418F-7F38-4656-9F11-43631788771E}.Release|x86.ActiveCfg = Release|x86
		{8DE4418F-7F38-4656-9F11-43631788771E}.Release|x86.Build.0 = Release|x86
		{584A225C-9EF5-4339-9B6D-E09D12163E38}.Debug|x86.ActiveCfg = Debug|x86
		{584A225C-9EF5-4339-9B6D-E09D12163E38}.Debug|x86.Build.0 = Debug|x86
		{584A225C-9EF5-4339-9B6D-E09D12163E38}.Release|x86.ActiveCfg = Release|x86
		{584A225C-9EF5-4339-9B6D-E09D12163E38}.Release|x86.Build.0 = Release|x86
		{EF5B0BCC-468D-46C1-A2BC-D350502B3AA3}.Debug|x86.ActiveCfg = Debug|x86
		{EF5B0BCC-468D-46C1-A2BC-D350502B3AA3}.Debug|x86.Build.0 = Debug|x86
		{EF5B0BCC-468D-46C1-A2BC-D350502B3AA3}.Release|x86.ActiveCfg = Release|x86
		{EF5B0BCC-468D-46C1-A2BC-D350502B3AA3}.Release|x86.Build.0 = Release|x86
		{8D970335-FF80-4617-AD66-E247FEB83B5C}.Debug|x86.ActiveCfg = Debug|x86
		{8D970335-FF80-4617-AD66-E247FEB83B5C}.Debug|x86.Build.0 = Debug|x86
		{8D970335-FF80-4617-AD66-E247FEB83B5C}.Release|x86.ActiveCfg = Release|x86
		{8D970335-FF80-4617-AD66-E247FEB83B5C}.Release|x86.Build.0 = Release|x86
	EndGlobalSection
EndGlobal
