
Microsoft Visual Studio Solution File, Format Version 12.00
# Visual Studio 2012
Project("{FAE04EC0-301F-11D3-BF4B-00C04F79EFBC}") = "DomaciGTK", "DomaciGTK\DomaciGTK.csproj", "{01F5F589-E473-4B77-A633-FB3908EA782B}"
EndProject
Global
	GlobalSection(SolutionConfigurationPlatforms) = preSolution
		Debug|x86 = Debug|x86
		Release|x86 = Release|x86
	EndGlobalSection
	GlobalSection(ProjectConfigurationPlatforms) = postSolution
		{01F5F589-E473-4B77-A633-FB3908EA782B}.Debug|x86.ActiveCfg = Debug|x86
		{01F5F589-E473-4B77-A633-FB3908EA782B}.Debug|x86.Build.0 = Debug|x86
		{01F5F589-E473-4B77-A633-FB3908EA782B}.Release|x86.ActiveCfg = Release|x86
		{01F5F589-E473-4B77-A633-FB3908EA782B}.Release|x86.Build.0 = Release|x86
	EndGlobalSection
EndGlobal
